NeoBundleLock MatchTagAlways e59a8d1315343ff76802f0a44ff8b59e999d83f4
NeoBundleLock base16-vim e711e9b1412b55fec7e8a5cff4ac5c06f9078729
NeoBundleLock ctrlp.vim 564176f01d7f3f7f8ab452ff4e1f5314de7b0981
NeoBundleLock delimitMate 8bc47fd1c40cdad9ea1f36c0cf13592c70ea65e9
NeoBundleLock indentLine 9cb94e17354d98d6fb4f59b243144d4d34d0b654
NeoBundleLock neobundle.vim eefc3b845612d9476fc43efe495945c32d13cb5d
NeoBundleLock nerdcommenter 1f4bfd59920c101a30a74a07b824608a6e65f3fe
NeoBundleLock nerdtree 4ebbb533c3faf2c480211db2b547972bb3b60f2b
NeoBundleLock vim-airline 110463970823f5cf7361fc9e5d5d29e6f28a2953
NeoBundleLock vim-airline-themes 13bad30d4ee3892cae755c83433ee85fbc96d028
NeoBundleLock vim-fugitive 099d65826e0e0863552a92f7e574e3f24c8f4197
NeoBundleLock vim-gitgutter 28353bd0609ae7b8c7e01c70dce31700d8c6e654
NeoBundleLock vim-monster 10aeb411b8030eeacad6514ff7ccdcba1e53b04a
NeoBundleLock vim-nerdtree-tabs 0decec122e9bb3e9328b01fa20a9650e79cc6ca7
NeoBundleLock vim-syntax-extra 28926b8679be934a4f112b6c8a9c6681aa3b5988
NeoBundleLock vim-togglecursor d2c1baba4aef94cd4c84106a6759e7467548c799
